
Microsoft Visual Studio Solution File, Format Version 12.00
# Visual Studio 2012
Project("{FAE04EC0-301F-11D3-BF4B-00C04F79EFBC}") = "Kommunikacio", "Kommunikacio\Kommunikacio.csproj", "{A98EE7D4-137E-483A-9463-EDAF9D9BBC3E}"
EndProject
Global
	GlobalSection(SolutionConfigurationPlatforms) = preSolution
		Debug|Any CPU = Debug|Any CPU
		Release|Any CPU = Release|Any CPU
	EndGlobalSection
	GlobalSection(ProjectConfigurationPlatforms) = postSolution
		{A98EE7D4-137E-483A-9463-EDAF9D9BBC3E}.Debug|Any CPU.ActiveCfg = Debug|Any CPU
		{A98EE7D4-137E-483A-9463-EDAF9D9BBC3E}.Debug|Any CPU.Build.0 = Debug|Any CPU
		{A98EE7D4-137E-483A-9463-EDAF9D9BBC3E}.Release|Any CPU.ActiveCfg = Release|Any CPU
		{A98EE7D4-137E-483A-9463-EDAF9D9BBC3E}.Release|Any CPU.Build.0 = Release|Any CPU
	EndGlobalSection
	GlobalSection(SolutionProperties) = preSolution
		HideSolutionNode = FALSE
	EndGlobalSection
EndGlobal
