
Microsoft Visual Studio Solution File, Format Version 12.00
# Visual Studio 2012
Project("{FAE04EC0-301F-11D3-BF4B-00C04F79EFBC}") = "AsyncMethod", "Nap7\AsyncMethod.csproj", "{F4E6256A-3FAD-4CB1-9845-735C0A680723}"
EndProject
Global
	GlobalSection(SolutionConfigurationPlatforms) = preSolution
		Debug|Any CPU = Debug|Any CPU
		Release|Any CPU = Release|Any CPU
	EndGlobalSection
	GlobalSection(ProjectConfigurationPlatforms) = postSolution
		{F4E6256A-3FAD-4CB1-9845-735C0A680723}.Debug|Any CPU.ActiveCfg = Debug|Any CPU
		{F4E6256A-3FAD-4CB1-9845-735C0A680723}.Debug|Any CPU.Build.0 = Debug|Any CPU
		{F4E6256A-3FAD-4CB1-9845-735C0A680723}.Release|Any CPU.ActiveCfg = Release|Any CPU
		{F4E6256A-3FAD-4CB1-9845-735C0A680723}.Release|Any CPU.Build.0 = Release|Any CPU
	EndGlobalSection
	GlobalSection(SolutionProperties) = preSolution
		HideSolutionNode = FALSE
	EndGlobalSection
EndGlobal
