
Microsoft Visual Studio Solution File, Format Version 12.00
# Visual Studio 2012
Project("{FAE04EC0-301F-11D3-BF4B-00C04F79EFBC}") = "WebSite4", "WebSite4\WebSite4.csproj", "{15AAAD5F-4C92-472C-919A-6EE453FF33C4}"
EndProject
Global
	GlobalSection(SolutionConfigurationPlatforms) = preSolution
		Debug|Any CPU = Debug|Any CPU
		Release|Any CPU = Release|Any CPU
	EndGlobalSection
	GlobalSection(ProjectConfigurationPlatforms) = postSolution
		{15AAAD5F-4C92-472C-919A-6EE453FF33C4}.Debug|Any CPU.ActiveCfg = Debug|Any CPU
		{15AAAD5F-4C92-472C-919A-6EE453FF33C4}.Debug|Any CPU.Build.0 = Debug|Any CPU
		{15AAAD5F-4C92-472C-919A-6EE453FF33C4}.Release|Any CPU.ActiveCfg = Release|Any CPU
		{15AAAD5F-4C92-472C-919A-6EE453FF33C4}.Release|Any CPU.Build.0 = Release|Any CPU
	EndGlobalSection
	GlobalSection(SolutionProperties) = preSolution
		HideSolutionNode = FALSE
	EndGlobalSection
EndGlobal
